PODS:
  - Alamofire (4.9.1)
  - HandyJSON (5.0.2)
  - Moya (12.0.1):
    - Moya/Core (= 12.0.1)
  - Moya/Core (12.0.1):
    - Alamofire (~> 4.1)
    - Result (~> 4.0)
  - Result (4.1.0)
  - Sunwing (0.1.1):
    - Alamofire (~> 4.9.0)
    - HandyJSON (~> 5.0.2)
    - Moya (~> 12.0)

DEPENDENCIES:
  - Sunwing (from `../`)

SPEC REPOS:
  https://github.com/CocoaPods/Specs.git:
    - HandyJSON
  trunk:
    - Alamofire
    - Moya
    - Result

EXTERNAL SOURCES:
  Sunwing:
    :path: "../"

SPEC CHECKSUMS:
  Alamofire: 85e8a02c69d6020a0d734f6054870d7ecb75cf18
  HandyJSON: 9e4e236f5d2dbefad5155a77417bbea438201c03
  Moya: cf730b3cd9e005401ef37a85143aa141a12fd38f
  Result: bd966fac789cc6c1563440b348ab2598cc24d5c7
  Sunwing: bab5fa09ca8a5d06dfde795f1c165ae3977a56b1

PODFILE CHECKSUM: 4e380795e51a00de7708ee045d2469d73d88e5ed

COCOAPODS: 1.10.0
